
Microsoft Visual Studio Solution File, Format Version 11.00
# Visual Studio 2010
Project("{8BC9CEB8-8B4A-11D0-8D11-00A0C91BC942}") = "MyDynamicLibrary", "MyDynamicLibrary.vcxproj", "{990D8491-A876-4E9C-A7F6-CC482EC60AE9}"
EndProject
Project("{8BC9CEB8-8B4A-11D0-8D11-00A0C91BC942}") = "MyExecRefsDll", "..\MyExecRefsDll\MyExecRefsDll.vcxproj", "{0ABCA676-C3E5-48D4-AF17-363990B13EAF}"
EndProject
Global
	GlobalSection(SolutionConfigurationPlatforms) = preSolution
		Debug|Win32 = Debug|Win32
		Release|Win32 = Release|Win32
	EndGlobalSection
	GlobalSection(ProjectConfigurationPlatforms) = postSolution
		{990D8491-A876-4E9C-A7F6-CC482EC60AE9}.Debug|Win32.ActiveCfg = Debug|Win32
		{990D8491-A876-4E9C-A7F6-CC482EC60AE9}.Debug|Win32.Build.0 = Debug|Win32
		{990D8491-A876-4E9C-A7F6-CC482EC60AE9}.Release|Win32.ActiveCfg = Release|Win32
		{990D8491-A876-4E9C-A7F6-CC482EC60AE9}.Release|Win32.Build.0 = Release|Win32
		{0ABCA676-C3E5-48D4-AF17-363990B13EAF}.Debug|Win32.ActiveCfg = Debug|Win32
		{0ABCA676-C3E5-48D4-AF17-363990B13EAF}.Debug|Win32.Build.0 = Debug|Win32
		{0ABCA676-C3E5-48D4-AF17-363990B13EAF}.Release|Win32.ActiveCfg = Release|Win32
		{0ABCA676-C3E5-48D4-AF17-363990B13EAF}.Release|Win32.Build.0 = Release|Win32
	EndGlobalSection
	GlobalSection(SolutionProperties) = preSolution
		HideSolutionNode = FALSE
	EndGlobalSection
EndGlobal
